<Solution>
  <Project Path="TestSuite/TestSuite.csproj" />
  <Project Path="UITests.Shared/UITests.Shared.csproj" />
  <Project Path="UITests.Android/UITests.Android.csproj" />
  <Project Path="UITests.iOS/UITests.iOS.csproj" />
  <Project Path="UITests.macOS/UITests.macOS.csproj" />
  <Project Path="UITests.Windows/UITests.Windows.csproj" />
</Solution>
